
Microsoft Visual Studio Solution File, Format Version 11.00
# Visual Studio 2010
Project("{FAE04EC0-301F-11D3-BF4B-00C04F79EFBC}") = "Plane Flying", "Assembly-CSharp-firstpass.csproj", "{94699C8D-4CA6-2257-35F6-F5110C94B3E2}"
EndProject
Project("{FAE04EC0-301F-11D3-BF4B-00C04F79EFBC}") = "Plane Flying", "Assembly-CSharp.csproj", "{9E1B22F6-4247-7307-32A0-333163308997}"
EndProject
Project("{FAE04EC0-301F-11D3-BF4B-00C04F79EFBC}") = "Plane Flying", "Assembly-CSharp-Editor-firstpass.csproj", "{89E5F421-0E13-B1D7-7D5B-22D3D97C52E1}"
EndProject
Global
	GlobalSection(SolutionConfigurationPlatforms) = preSolution
		Debug|Any CPU = Debug|Any CPU
		Release|Any CPU = Release|Any CPU
	EndGlobalSection
	GlobalSection(ProjectConfigurationPlatforms) = postSolution
		{94699C8D-4CA6-2257-35F6-F5110C94B3E2}.Debug|Any CPU.ActiveCfg = Debug|Any CPU
		{94699C8D-4CA6-2257-35F6-F5110C94B3E2}.Debug|Any CPU.Build.0 = Debug|Any CPU
		{94699C8D-4CA6-2257-35F6-F5110C94B3E2}.Release|Any CPU.ActiveCfg = Release|Any CPU
		{94699C8D-4CA6-2257-35F6-F5110C94B3E2}.Release|Any CPU.Build.0 = Release|Any CPU
		{9E1B22F6-4247-7307-32A0-333163308997}.Debug|Any CPU.ActiveCfg = Debug|Any CPU
		{9E1B22F6-4247-7307-32A0-333163308997}.Debug|Any CPU.Build.0 = Debug|Any CPU
		{9E1B22F6-4247-7307-32A0-333163308997}.Release|Any CPU.ActiveCfg = Release|Any CPU
		{9E1B22F6-4247-7307-32A0-333163308997}.Release|Any CPU.Build.0 = Release|Any CPU
		{89E5F421-0E13-B1D7-7D5B-22D3D97C52E1}.Debug|Any CPU.ActiveCfg = Debug|Any CPU
		{89E5F421-0E13-B1D7-7D5B-22D3D97C52E1}.Debug|Any CPU.Build.0 = Debug|Any CPU
		{89E5F421-0E13-B1D7-7D5B-22D3D97C52E1}.Release|Any CPU.ActiveCfg = Release|Any CPU
		{89E5F421-0E13-B1D7-7D5B-22D3D97C52E1}.Release|Any CPU.Build.0 = Release|Any CPU
	EndGlobalSection
	GlobalSection(SolutionProperties) = preSolution
		HideSolutionNode = FALSE
	EndGlobalSection
	GlobalSection(MonoDevelopProperties) = preSolution
		StartupItem = Assembly-CSharp.csproj
	EndGlobalSection
EndGlobal
